<Solution>
  <Project Path="YarnSpinner.Addons.Snaaake.csproj" />
  <Project Path="YarnSpinner.Unity.csproj" />
  <Project Path="AYellowpaper.SerializedCollections.csproj" />
  <Project Path="YarnSpinner.Addons.ClassicRPG.csproj" />
  <Project Path="Assembly-CSharp.csproj" />
  <Project Path="YarnSpinner.Unity.Editor.csproj" />
  <Project Path="Febucci.TextAnimatorForUnity.Runtime.csproj" />
  <Project Path="YarnSpinner.Addons.TextAnimatorIntegration.Editor.csproj" />
  <Project Path="AYellowpaper.SerializedCollections.Editor.csproj" />
  <Project Path="Febucci.TextAnimatorForUnity.UITk.Runtime.csproj" />
  <Project Path="Febucci.TextAnimatorForUnity.TMP.Runtime.csproj" />
  <Project Path="YarnSpinner.Addons.TextAnimatorIntegration.csproj" />
  <Project Path="Febucci.TextAnimatorForUnity.Input.Runtime.csproj" />
  <Project Path="Febucci.Attributes.Runtime.csproj" />
  <Project Path="Assembly-CSharp-firstpass.csproj" />
  <Project Path="Assembly-CSharp-Editor.csproj" />
</Solution>
